
Microsoft Visual Studio Solution File, Format Version 12.00
Project("{FAE04EC0-301F-11D3-BF4B-00C04F79EFBC}") = "GuapStalker.Common", "GuapStalker.Common\GuapStalker.Common.csproj", "{23646639-7D76-4FB0-9A94-22652992372C}"
EndProject
Project("{FAE04EC0-301F-11D3-BF4B-00C04F79EFBC}") = "GuapStalker.Domain", "GuapStalker.Domain\GuapStalker.Domain.csproj", "{99AE210B-B4FE-4E77-843F-3042C8EF7CC7}"
EndProject
Global
	GlobalSection(SolutionConfigurationPlatforms) = preSolution
		Debug|Any CPU = Debug|Any CPU
		Release|Any CPU = Release|Any CPU
	EndGlobalSection
	GlobalSection(ProjectConfigurationPlatforms) = postSolution
		{23646639-7D76-4FB0-9A94-22652992372C}.Debug|Any CPU.ActiveCfg = Debug|Any CPU
		{23646639-7D76-4FB0-9A94-22652992372C}.Debug|Any CPU.Build.0 = Debug|Any CPU
		{23646639-7D76-4FB0-9A94-22652992372C}.Release|Any CPU.ActiveCfg = Release|Any CPU
		{23646639-7D76-4FB0-9A94-22652992372C}.Release|Any CPU.Build.0 = Release|Any CPU
		{99AE210B-B4FE-4E77-843F-3042C8EF7CC7}.Debug|Any CPU.ActiveCfg = Debug|Any CPU
		{99AE210B-B4FE-4E77-843F-3042C8EF7CC7}.Debug|Any CPU.Build.0 = Debug|Any CPU
		{99AE210B-B4FE-4E77-843F-3042C8EF7CC7}.Release|Any CPU.ActiveCfg = Release|Any CPU
		{99AE210B-B4FE-4E77-843F-3042C8EF7CC7}.Release|Any CPU.Build.0 = Release|Any CPU
	EndGlobalSection
EndGlobal
