
Microsoft Visual Studio Solution File, Format Version 12.00
# Visual Studio Version 17
VisualStudioVersion = 17.5.002.0
MinimumVisualStudioVersion = 10.0.40219.1
Project("{9A19103F-16F7-4668-BE54-9A1E7A4F7556}") = "api", "api.csproj", "{21BDC92D-A5B0-4572-913B-35F7EDE0C3A9}"
EndProject
Global
	GlobalSection(SolutionConfigurationPlatforms) = preSolution
		Debug|Any CPU = Debug|Any CPU
		Release|Any CPU = Release|Any CPU
	EndGlobalSection
	GlobalSection(ProjectConfigurationPlatforms) = postSolution
		{21BDC92D-A5B0-4572-913B-35F7EDE0C3A9}.Debug|Any CPU.ActiveCfg = Debug|Any CPU
		{21BDC92D-A5B0-4572-913B-35F7EDE0C3A9}.Debug|Any CPU.Build.0 = Debug|Any CPU
		{21BDC92D-A5B0-4572-913B-35F7EDE0C3A9}.Release|Any CPU.ActiveCfg = Release|Any CPU
		{21BDC92D-A5B0-4572-913B-35F7EDE0C3A9}.Release|Any CPU.Build.0 = Release|Any CPU
	EndGlobalSection
	GlobalSection(SolutionProperties) = preSolution
		HideSolutionNode = FALSE
	EndGlobalSection
	GlobalSection(ExtensibilityGlobals) = postSolution
		SolutionGuid = {4290DE31-7E86-4A7B-871A-3B23A97ADAC4}
	EndGlobalSection
EndGlobal
