
Microsoft Visual Studio Solution File, Format Version 12.00
# Visual Studio Version 17
VisualStudioVersion = 17.9.34616.47
MinimumVisualStudioVersion = 10.0.40219.1
Project("{9A19103F-16F7-4668-BE54-9A1E7A4F7556}") = "api", "GuapStalker.api\api.csproj", "{6A943B70-5B84-480B-A403-290F7856676E}"
EndProject
Global
	GlobalSection(SolutionConfigurationPlatforms) = preSolution
		Debug|Any CPU = Debug|Any CPU
		Release|Any CPU = Release|Any CPU
	EndGlobalSection
	GlobalSection(ProjectConfigurationPlatforms) = postSolution
		{9B22393E-5A34-44A1-982A-19C4F541A234}.Debug|Any CPU.ActiveCfg = Debug|Any CPU
		{9B22393E-5A34-44A1-982A-19C4F541A234}.Debug|Any CPU.Build.0 = Debug|Any CPU
		{9B22393E-5A34-44A1-982A-19C4F541A234}.Release|Any CPU.ActiveCfg = Release|Any CPU
		{9B22393E-5A34-44A1-982A-19C4F541A234}.Release|Any CPU.Build.0 = Release|Any CPU
	EndGlobalSection
	GlobalSection(SolutionProperties) = preSolution
		HideSolutionNode = FALSE
	EndGlobalSection
	GlobalSection(ExtensibilityGlobals) = postSolution
		SolutionGuid = {EC159EAA-0DF7-45F5-94F8-6061A4976B5A}
	EndGlobalSection
EndGlobal
